
Microsoft Visual Studio Solution File, Format Version 12.00
# Visual Studio Version 16
VisualStudioVersion = 16.0.31515.178
MinimumVisualStudioVersion = 10.0.40219.1
Project("{9A19103F-16F7-4668-BE54-9A1E7A4F7556}") = "DempApp", "DempApp.csproj", "{D7424CC9-32E4-40D6-B950-E9B92FC6A223}"
EndProject
Project("{2150E333-8FDC-42A3-9474-1A3956D46DE8}") = "API", "API", "{3C6645E5-053B-4E16-B526-828D66DE715F}"
EndProject
Project("{2150E333-8FDC-42A3-9474-1A3956D46DE8}") = "Database", "Database", "{9CF23185-7900-4190-AF9B-0940A1407B94}"
EndProject
Project("{2150E333-8FDC-42A3-9474-1A3956D46DE8}") = "Domain", "Domain", "{825CA127-1C33-493F-8F32-82471890E707}"
EndProject
Project("{2150E333-8FDC-42A3-9474-1A3956D46DE8}") = "Infrastructure", "Infrastructure", "{A32CA118-D9E0-4848-BE0D-6F332DF9A1C0}"
EndProject
Project("{2150E333-8FDC-42A3-9474-1A3956D46DE8}") = "ApplicationServices", "ApplicationServices", "{EF3F6438-D6E7-4B0D-AFC0-4D0BB442D91E}"
EndProject
Project("{2150E333-8FDC-42A3-9474-1A3956D46DE8}") = "ServiceInterfaces", "ServiceInterfaces", "{C5C4CCE6-DC5C-4BAA-B74C-6260F59A95F3}"
EndProject
Project("{2150E333-8FDC-42A3-9474-1A3956D46DE8}") = "Proxy", "Proxy", "{162610DB-F477-4376-8495-A4E7DD107646}"
EndProject
Project("{2150E333-8FDC-42A3-9474-1A3956D46DE8}") = "UnitTest", "UnitTest", "{3D022DC3-8DEB-419F-98DA-5C33F00ED7FD}"
EndProject
Project("{9A19103F-16F7-4668-BE54-9A1E7A4F7556}") = "DM.ApplicationServices", "..\..\ApplicationServices\DM.ApplicationServices\DM.ApplicationServices.csproj", "{6AE7B528-3819-41A7-A90D-223427B9717C}"
EndProject
Project("{00D1A9C2-B5F0-4AF3-8072-F6C62B433612}") = "DA.DB", "..\..\Database\DA.DB\DA.DB.sqlproj", "{E20FEFE2-6AF4-419D-9715-F2AEB0785625}"
EndProject
Project("{9A19103F-16F7-4668-BE54-9A1E7A4F7556}") = "DA.Domain", "..\..\Domain\DA.Domain\DA.Domain.csproj", "{04586D36-38B9-4A17-89A9-A3662B68180F}"
EndProject
Project("{2150E333-8FDC-42A3-9474-1A3956D46DE8}") = "DA.Infrastructure.SQL", "DA.Infrastructure.SQL", "{A60CD649-147F-4022-8826-398EFDF21AD0}"
EndProject
Project("{9A19103F-16F7-4668-BE54-9A1E7A4F7556}") = "DA.Infrastructure.SQL", "..\..\Infrastructure\DA.Infrastructure.SQL\DA.Infrastructure.SQL\DA.Infrastructure.SQL.csproj", "{00E19D18-047D-4780-A535-50AFA78F8D82}"
EndProject
Project("{9A19103F-16F7-4668-BE54-9A1E7A4F7556}") = "DA.Proxy", "..\..\Proxy\DA.Proxy\DA.Proxy.csproj", "{4EED5E81-FFCB-44A6-94FF-AE1AFACF6C8E}"
EndProject
Project("{9A19103F-16F7-4668-BE54-9A1E7A4F7556}") = "DA.ServicesInterfaces", "..\..\ServicesInterfaces\DA.ServicesInterfaces\DA.ServicesInterfaces.csproj", "{B28CEB92-70C5-487F-B70A-3FDE3DE56117}"
EndProject
Project("{9A19103F-16F7-4668-BE54-9A1E7A4F7556}") = "DA.Test", "..\..\UnitTest\DA.Test\DA.Test.csproj", "{C9B50386-B192-44A1-A110-BB2A617E889D}"
EndProject
Global
	GlobalSection(SolutionConfigurationPlatforms) = preSolution
		Debug|Any CPU = Debug|Any CPU
		Release|Any CPU = Release|Any CPU
	EndGlobalSection
	GlobalSection(ProjectConfigurationPlatforms) = postSolution
		{D7424CC9-32E4-40D6-B950-E9B92FC6A223}.Debug|Any CPU.ActiveCfg = Debug|Any CPU
		{D7424CC9-32E4-40D6-B950-E9B92FC6A223}.Debug|Any CPU.Build.0 = Debug|Any CPU
		{D7424CC9-32E4-40D6-B950-E9B92FC6A223}.Release|Any CPU.ActiveCfg = Release|Any CPU
		{D7424CC9-32E4-40D6-B950-E9B92FC6A223}.Release|Any CPU.Build.0 = Release|Any CPU
		{6AE7B528-3819-41A7-A90D-223427B9717C}.Debug|Any CPU.ActiveCfg = Debug|Any CPU
		{6AE7B528-3819-41A7-A90D-223427B9717C}.Debug|Any CPU.Build.0 = Debug|Any CPU
		{6AE7B528-3819-41A7-A90D-223427B9717C}.Release|Any CPU.ActiveCfg = Release|Any CPU
		{6AE7B528-3819-41A7-A90D-223427B9717C}.Release|Any CPU.Build.0 = Release|Any CPU
		{E20FEFE2-6AF4-419D-9715-F2AEB0785625}.Debug|Any CPU.ActiveCfg = Debug|Any CPU
		{E20FEFE2-6AF4-419D-9715-F2AEB0785625}.Debug|Any CPU.Build.0 = Debug|Any CPU
		{E20FEFE2-6AF4-419D-9715-F2AEB0785625}.Debug|Any CPU.Deploy.0 = Debug|Any CPU
		{E20FEFE2-6AF4-419D-9715-F2AEB0785625}.Release|Any CPU.ActiveCfg = Release|Any CPU
		{E20FEFE2-6AF4-419D-9715-F2AEB0785625}.Release|Any CPU.Build.0 = Release|Any CPU
		{E20FEFE2-6AF4-419D-9715-F2AEB0785625}.Release|Any CPU.Deploy.0 = Release|Any CPU
		{04586D36-38B9-4A17-89A9-A3662B68180F}.Debug|Any CPU.ActiveCfg = Debug|Any CPU
		{04586D36-38B9-4A17-89A9-A3662B68180F}.Debug|Any CPU.Build.0 = Debug|Any CPU
		{04586D36-38B9-4A17-89A9-A3662B68180F}.Release|Any CPU.ActiveCfg = Release|Any CPU
		{04586D36-38B9-4A17-89A9-A3662B68180F}.Release|Any CPU.Build.0 = Release|Any CPU
		{00E19D18-047D-4780-A535-50AFA78F8D82}.Debug|Any CPU.ActiveCfg = Debug|Any CPU
		{00E19D18-047D-4780-A535-50AFA78F8D82}.Debug|Any CPU.Build.0 = Debug|Any CPU
		{00E19D18-047D-4780-A535-50AFA78F8D82}.Release|Any CPU.ActiveCfg = Release|Any CPU
		{00E19D18-047D-4780-A535-50AFA78F8D82}.Release|Any CPU.Build.0 = Release|Any CPU
		{4EED5E81-FFCB-44A6-94FF-AE1AFACF6C8E}.Debug|Any CPU.ActiveCfg = Debug|Any CPU
		{4EED5E81-FFCB-44A6-94FF-AE1AFACF6C8E}.Debug|Any CPU.Build.0 = Debug|Any CPU
		{4EED5E81-FFCB-44A6-94FF-AE1AFACF6C8E}.Release|Any CPU.ActiveCfg = Release|Any CPU
		{4EED5E81-FFCB-44A6-94FF-AE1AFACF6C8E}.Release|Any CPU.Build.0 = Release|Any CPU
		{B28CEB92-70C5-487F-B70A-3FDE3DE56117}.Debug|Any CPU.ActiveCfg = Debug|Any CPU
		{B28CEB92-70C5-487F-B70A-3FDE3DE56117}.Debug|Any CPU.Build.0 = Debug|Any CPU
		{B28CEB92-70C5-487F-B70A-3FDE3DE56117}.Release|Any CPU.ActiveCfg = Release|Any CPU
		{B28CEB92-70C5-487F-B70A-3FDE3DE56117}.Release|Any CPU.Build.0 = Release|Any CPU
		{C9B50386-B192-44A1-A110-BB2A617E889D}.Debug|Any CPU.ActiveCfg = Debug|Any CPU
		{C9B50386-B192-44A1-A110-BB2A617E889D}.Debug|Any CPU.Build.0 = Debug|Any CPU
		{C9B50386-B192-44A1-A110-BB2A617E889D}.Release|Any CPU.ActiveCfg = Release|Any CPU
		{C9B50386-B192-44A1-A110-BB2A617E889D}.Release|Any CPU.Build.0 = Release|Any CPU
	EndGlobalSection
	GlobalSection(SolutionProperties) = preSolution
		HideSolutionNode = FALSE
	EndGlobalSection
	GlobalSection(NestedProjects) = preSolution
		{D7424CC9-32E4-40D6-B950-E9B92FC6A223} = {3C6645E5-053B-4E16-B526-828D66DE715F}
		{6AE7B528-3819-41A7-A90D-223427B9717C} = {EF3F6438-D6E7-4B0D-AFC0-4D0BB442D91E}
		{E20FEFE2-6AF4-419D-9715-F2AEB0785625} = {9CF23185-7900-4190-AF9B-0940A1407B94}
		{04586D36-38B9-4A17-89A9-A3662B68180F} = {825CA127-1C33-493F-8F32-82471890E707}
		{A60CD649-147F-4022-8826-398EFDF21AD0} = {A32CA118-D9E0-4848-BE0D-6F332DF9A1C0}
		{00E19D18-047D-4780-A535-50AFA78F8D82} = {A60CD649-147F-4022-8826-398EFDF21AD0}
		{4EED5E81-FFCB-44A6-94FF-AE1AFACF6C8E} = {162610DB-F477-4376-8495-A4E7DD107646}
		{B28CEB92-70C5-487F-B70A-3FDE3DE56117} = {C5C4CCE6-DC5C-4BAA-B74C-6260F59A95F3}
		{C9B50386-B192-44A1-A110-BB2A617E889D} = {3D022DC3-8DEB-419F-98DA-5C33F00ED7FD}
	EndGlobalSection
	GlobalSection(ExtensibilityGlobals) = postSolution
		SolutionGuid = {9006B3D9-BC39-4A87-BEFE-4EA75B0BEFCF}
	EndGlobalSection
EndGlobal
